
Microsoft Visual Studio Solution File, Format Version 12.00
# Visual Studio Version 17
VisualStudioVersion = 17.14.36616.10
MinimumVisualStudioVersion = 10.0.40219.1
Project("{2150E333-8FDC-42A3-9474-1A3956D46DE8}") = "Task0", "Task0", "{02EA681E-C7D8-13C7-8484-4AC65E1B71E8}"
EndProject
Project("{FAE04EC0-301F-11D3-BF4B-00C04F79EFBC}") = "Tyuiu.BalinVV.Sprint3.Task0.V11", "Tyuiu.BalinVV.Sprint3.Task0.V11\Tyuiu.BalinVV.Sprint3.Task0.V11.csproj", "{633CB6B4-B703-4F45-AB67-5931F8DC47F5}"
EndProject
Project("{FAE04EC0-301F-11D3-BF4B-00C04F79EFBC}") = "Tyuiu.BalinVV.Sprint3.Task0.V11.Lib", "Tyuiu.BalinVV.Sprint3.Task0.V11.Lib\Tyuiu.BalinVV.Sprint3.Task0.V11.Lib.csproj", "{CD1F59E2-11A6-4778-A9AC-5F48D1AF0E77}"
EndProject
Project("{FAE04EC0-301F-11D3-BF4B-00C04F79EFBC}") = "Tyuiu.BalinVV.Sprint3.Task0.V11.Test", "Tyuiu.BalinVV.Sprint3.Task0.V11.Test\Tyuiu.BalinVV.Sprint3.Task0.V11.Test.csproj", "{DDFBB707-DCF5-40EB-9DBD-B5EBB4F9A0D1}"
EndProject
Project("{2150E333-8FDC-42A3-9474-1A3956D46DE8}") = "Task1", "Task1", "{AD36A184-E02A-4660-A1B7-4B1EBA860B7F}"
EndProject
Project("{FAE04EC0-301F-11D3-BF4B-00C04F79EFBC}") = "Tyuiu.BalinVV.Sprint3.Task1.V21", "Tyuiu.BalinVV.Sprint3.Task1.V21\Tyuiu.BalinVV.Sprint3.Task1.V21.csproj", "{AACAE865-6204-41D4-8C4D-5485AA7CDD4D}"
EndProject
Project("{FAE04EC0-301F-11D3-BF4B-00C04F79EFBC}") = "Tyuiu.BalinVV.Sprint3.Task1.V21.Test", "Tyuiu.BalinVV.Sprint3.Task1.V21.Test\Tyuiu.BalinVV.Sprint3.Task1.V21.Test.csproj", "{1A54710A-A402-4B32-B192-E4FC9463D4AC}"
EndProject
Project("{FAE04EC0-301F-11D3-BF4B-00C04F79EFBC}") = "Tyuiu.BalinVV.Sprint3.Task1.V21.Lib", "Tyuiu.BalinVV.Sprint3.Task1.V21.Lib\Tyuiu.BalinVV.Sprint3.Task1.V21.Lib.csproj", "{50C1D477-135D-4CDE-A9AC-DB4660A5F529}"
EndProject
Project("{2150E333-8FDC-42A3-9474-1A3956D46DE8}") = "Task2", "Task2", "{4000B5CE-AB72-4457-BC5D-2944965947BB}"
EndProject
Project("{FAE04EC0-301F-11D3-BF4B-00C04F79EFBC}") = "Tyuiu.BalinVV.Sprint3.Task2.V20.Lib", "Tyuiu.BalinVV.Sprint3.Task2.V20.Lib\Tyuiu.BalinVV.Sprint3.Task2.V20.Lib.csproj", "{EE85BCD7-4B7E-44D3-B7A4-8D0198B0BCD0}"
EndProject
Project("{FAE04EC0-301F-11D3-BF4B-00C04F79EFBC}") = "Tyuiu.BalinVV.Sprint3.Task2.V20.Test", "Tyuiu.BalinVV.Sprint3.Task2.V20.Test\Tyuiu.BalinVV.Sprint3.Task2.V20.Test.csproj", "{F251410E-91E5-4FB5-B81D-2BF32639AD77}"
EndProject
Project("{FAE04EC0-301F-11D3-BF4B-00C04F79EFBC}") = "Tyuiu.BalinVV.Sprint3.Task2.V20", "Tyuiu.BalinVV.Sprint3.Task2.V20\Tyuiu.BalinVV.Sprint3.Task2.V20.csproj", "{D5D9E6BD-AB1C-4FFF-82FE-D204E8A516CA}"
EndProject
Project("{2150E333-8FDC-42A3-9474-1A3956D46DE8}") = "Task3", "Task3", "{8468692C-C3BF-4F5E-95F5-B7779F8F1A45}"
EndProject
Project("{FAE04EC0-301F-11D3-BF4B-00C04F79EFBC}") = "Tyuiu.BalinVV.Sprint3.Task3.V2", "Tyuiu.BalinVV.Sprint3.Task3.V2\Tyuiu.BalinVV.Sprint3.Task3.V2.csproj", "{98F19C02-EAB1-4C6C-B578-AC1EE8CBD9A9}"
EndProject
Project("{FAE04EC0-301F-11D3-BF4B-00C04F79EFBC}") = "Tyuiu.BalinVV.Sprint3.Task3.V2.Test", "Tyuiu.BalinVV.Sprint3.Task3.V2.Test\Tyuiu.BalinVV.Sprint3.Task3.V2.Test.csproj", "{AA93C9EC-F3C2-4263-85A1-BD0156FBB761}"
EndProject
Project("{FAE04EC0-301F-11D3-BF4B-00C04F79EFBC}") = "Tyuiu.BalinVV.Sprint3.Task3.V2.Lib", "Tyuiu.BalinVV.Sprint3.Task3.V2.Lib\Tyuiu.BalinVV.Sprint3.Task3.V2.Lib.csproj", "{351FB35A-F9AC-4E74-89CB-1491023573DB}"
EndProject
Project("{2150E333-8FDC-42A3-9474-1A3956D46DE8}") = "Task4", "Task4", "{C260C253-336D-481A-9F2C-7CEB951C8461}"
EndProject
Project("{FAE04EC0-301F-11D3-BF4B-00C04F79EFBC}") = "Tyuiu.BalinVV.Sprint3.Task4.V5.Test", "Tyuiu.BalinVV.Sprint3.Task4.V5.Test\Tyuiu.BalinVV.Sprint3.Task4.V5.Test.csproj", "{93E024F6-4E18-433E-8C4C-0B612B5E270F}"
EndProject
Project("{FAE04EC0-301F-11D3-BF4B-00C04F79EFBC}") = "Tyuiu.BalinVV.Sprint3.Task4.V5.Lib", "Tyuiu.BalinVV.Sprint3.Task4.V5.Lib\Tyuiu.BalinVV.Sprint3.Task4.V5.Lib.csproj", "{A60A72D3-1A3F-4595-AC12-BE5633E987C9}"
EndProject
Project("{FAE04EC0-301F-11D3-BF4B-00C04F79EFBC}") = "Tyuiu.BalinVV.Sprint3.Task4.V5", "Tyuiu.BalinVV.Sprint3.Task4.V5\Tyuiu.BalinVV.Sprint3.Task4.V5.csproj", "{17B365B8-B260-400C-84BF-BAE5EC37BD75}"
EndProject
Project("{2150E333-8FDC-42A3-9474-1A3956D46DE8}") = "Task5", "Task5", "{E5203030-3D43-4C1C-AA9A-22F3BFC147C2}"
EndProject
Project("{FAE04EC0-301F-11D3-BF4B-00C04F79EFBC}") = "Tyuiu.BalinVV.Sprint3.Task5.V7", "Tyuiu.BalinVV.Sprint3.Task5.V7\Tyuiu.BalinVV.Sprint3.Task5.V7.csproj", "{10C85D04-CBAA-4BD4-993A-F300F85CDD67}"
EndProject
Project("{FAE04EC0-301F-11D3-BF4B-00C04F79EFBC}") = "Tyuiu.BalinVV.Sprint3.Task5.V7.Lib", "Tyuiu.BalinVV.Sprint3.Task5.V7.Lib\Tyuiu.BalinVV.Sprint3.Task5.V7.Lib.csproj", "{0400D2D4-A49F-4E46-A1E6-969F22FA53F0}"
EndProject
Project("{FAE04EC0-301F-11D3-BF4B-00C04F79EFBC}") = "Tyuiu.BalinVV.Sprint3.Task5.V7.Test", "Tyuiu.BalinVV.Sprint3.Task5.V7.Test\Tyuiu.BalinVV.Sprint3.Task5.V7.Test.csproj", "{673B4CA2-00D6-4F71-8D7D-122EE4676D1C}"
EndProject
Project("{2150E333-8FDC-42A3-9474-1A3956D46DE8}") = "Task6", "Task6", "{9C497E00-5994-4D4D-9E69-3E2A914DA03B}"
EndProject
Project("{FAE04EC0-301F-11D3-BF4B-00C04F79EFBC}") = "Tyuiu.BalinVV.Sprint3.Task6.V28", "Tyuiu.BalinVV.Sprint3.Task6.V28\Tyuiu.BalinVV.Sprint3.Task6.V28.csproj", "{52C40688-F4B7-4F89-8F2F-73EDDE17B76A}"
EndProject
Project("{FAE04EC0-301F-11D3-BF4B-00C04F79EFBC}") = "Tyuiu.BalinVV.Sprint3.Task6.V28.Test", "Tyuiu.BalinVV.Sprint3.Task6.V28.Test\Tyuiu.BalinVV.Sprint3.Task6.V28.Test.csproj", "{2E078B21-B1E2-4F9B-8E40-6857B67C6A12}"
EndProject
Project("{FAE04EC0-301F-11D3-BF4B-00C04F79EFBC}") = "Tyuiu.BalinVV.Sprint3.Task6.V28.Lib", "Tyuiu.BalinVV.Sprint3.Task6.V28.Lib\Tyuiu.BalinVV.Sprint3.Task6.V28.Lib.csproj", "{701FD3C2-1DE5-4B33-9691-9A337E09C276}"
EndProject
Project("{2150E333-8FDC-42A3-9474-1A3956D46DE8}") = "Task7", "Task7", "{B3191AF2-BCB2-4375-83C8-8DECD84BA44A}"
EndProject
Project("{FAE04EC0-301F-11D3-BF4B-00C04F79EFBC}") = "Tyuiu.BalinVV.Sprint3.Task7.V9", "Tyuiu.BalinVV.Sprint3.Task7.V9\Tyuiu.BalinVV.Sprint3.Task7.V9.csproj", "{2DFD8973-8038-4FAC-AC12-AC96ACF78596}"
EndProject
Project("{FAE04EC0-301F-11D3-BF4B-00C04F79EFBC}") = "Tyuiu.BalinVV.Sprint3.Task7.V9.Lib", "Tyuiu.BalinVV.Sprint3.Task7.V9.Lib\Tyuiu.BalinVV.Sprint3.Task7.V9.Lib.csproj", "{7F56946A-281B-4866-8953-2B05EDECFD42}"
EndProject
Project("{FAE04EC0-301F-11D3-BF4B-00C04F79EFBC}") = "Tyuiu.BalinVV.Sprint3.Task7.V9.Test", "Tyuiu.BalinVV.Sprint3.Task7.V9.Test\Tyuiu.BalinVV.Sprint3.Task7.V9.Test.csproj", "{2845A0D6-112C-4283-A414-C128CF0D348D}"
EndProject
Global
	GlobalSection(SolutionConfigurationPlatforms) = preSolution
		Debug|Any CPU = Debug|Any CPU
		Release|Any CPU = Release|Any CPU
	EndGlobalSection
	GlobalSection(ProjectConfigurationPlatforms) = postSolution
		{633CB6B4-B703-4F45-AB67-5931F8DC47F5}.Debug|Any CPU.ActiveCfg = Debug|Any CPU
		{633CB6B4-B703-4F45-AB67-5931F8DC47F5}.Debug|Any CPU.Build.0 = Debug|Any CPU
		{633CB6B4-B703-4F45-AB67-5931F8DC47F5}.Release|Any CPU.ActiveCfg = Release|Any CPU
		{633CB6B4-B703-4F45-AB67-5931F8DC47F5}.Release|Any CPU.Build.0 = Release|Any CPU
		{CD1F59E2-11A6-4778-A9AC-5F48D1AF0E77}.Debug|Any CPU.ActiveCfg = Debug|Any CPU
		{CD1F59E2-11A6-4778-A9AC-5F48D1AF0E77}.Debug|Any CPU.Build.0 = Debug|Any CPU
		{CD1F59E2-11A6-4778-A9AC-5F48D1AF0E77}.Release|Any CPU.ActiveCfg = Release|Any CPU
		{CD1F59E2-11A6-4778-A9AC-5F48D1AF0E77}.Release|Any CPU.Build.0 = Release|Any CPU
		{DDFBB707-DCF5-40EB-9DBD-B5EBB4F9A0D1}.Debug|Any CPU.ActiveCfg = Debug|Any CPU
		{DDFBB707-DCF5-40EB-9DBD-B5EBB4F9A0D1}.Debug|Any CPU.Build.0 = Debug|Any CPU
		{DDFBB707-DCF5-40EB-9DBD-B5EBB4F9A0D1}.Release|Any CPU.ActiveCfg = Release|Any CPU
		{DDFBB707-DCF5-40EB-9DBD-B5EBB4F9A0D1}.Release|Any CPU.Build.0 = Release|Any CPU
		{AACAE865-6204-41D4-8C4D-5485AA7CDD4D}.Debug|Any CPU.ActiveCfg = Debug|Any CPU
		{AACAE865-6204-41D4-8C4D-5485AA7CDD4D}.Debug|Any CPU.Build.0 = Debug|Any CPU
		{AACAE865-6204-41D4-8C4D-5485AA7CDD4D}.Release|Any CPU.ActiveCfg = Release|Any CPU
		{AACAE865-6204-41D4-8C4D-5485AA7CDD4D}.Release|Any CPU.Build.0 = Release|Any CPU
		{1A54710A-A402-4B32-B192-E4FC9463D4AC}.Debug|Any CPU.ActiveCfg = Debug|Any CPU
		{1A54710A-A402-4B32-B192-E4FC9463D4AC}.Debug|Any CPU.Build.0 = Debug|Any CPU
		{1A54710A-A402-4B32-B192-E4FC9463D4AC}.Release|Any CPU.ActiveCfg = Release|Any CPU
		{1A54710A-A402-4B32-B192-E4FC9463D4AC}.Release|Any CPU.Build.0 = Release|Any CPU
		{50C1D477-135D-4CDE-A9AC-DB4660A5F529}.Debug|Any CPU.ActiveCfg = Debug|Any CPU
		{50C1D477-135D-4CDE-A9AC-DB4660A5F529}.Debug|Any CPU.Build.0 = Debug|Any CPU
		{50C1D477-135D-4CDE-A9AC-DB4660A5F529}.Release|Any CPU.ActiveCfg = Release|Any CPU
		{50C1D477-135D-4CDE-A9AC-DB4660A5F529}.Release|Any CPU.Build.0 = Release|Any CPU
		{EE85BCD7-4B7E-44D3-B7A4-8D0198B0BCD0}.Debug|Any CPU.ActiveCfg = Debug|Any CPU
		{EE85BCD7-4B7E-44D3-B7A4-8D0198B0BCD0}.Debug|Any CPU.Build.0 = Debug|Any CPU
		{EE85BCD7-4B7E-44D3-B7A4-8D0198B0BCD0}.Release|Any CPU.ActiveCfg = Release|Any CPU
		{EE85BCD7-4B7E-44D3-B7A4-8D0198B0BCD0}.Release|Any CPU.Build.0 = Release|Any CPU
		{F251410E-91E5-4FB5-B81D-2BF32639AD77}.Debug|Any CPU.ActiveCfg = Debug|Any CPU
		{F251410E-91E5-4FB5-B81D-2BF32639AD77}.Debug|Any CPU.Build.0 = Debug|Any CPU
		{F251410E-91E5-4FB5-B81D-2BF32639AD77}.Release|Any CPU.ActiveCfg = Release|Any CPU
		{F251410E-91E5-4FB5-B81D-2BF32639AD77}.Release|Any CPU.Build.0 = Release|Any CPU
		{D5D9E6BD-AB1C-4FFF-82FE-D204E8A516CA}.Debug|Any CPU.ActiveCfg = Debug|Any CPU
		{D5D9E6BD-AB1C-4FFF-82FE-D204E8A516CA}.Debug|Any CPU.Build.0 = Debug|Any CPU
		{D5D9E6BD-AB1C-4FFF-82FE-D204E8A516CA}.Release|Any CPU.ActiveCfg = Release|Any CPU
		{D5D9E6BD-AB1C-4FFF-82FE-D204E8A516CA}.Release|Any CPU.Build.0 = Release|Any CPU
		{98F19C02-EAB1-4C6C-B578-AC1EE8CBD9A9}.Debug|Any CPU.ActiveCfg = Debug|Any CPU
		{98F19C02-EAB1-4C6C-B578-AC1EE8CBD9A9}.Debug|Any CPU.Build.0 = Debug|Any CPU
		{98F19C02-EAB1-4C6C-B578-AC1EE8CBD9A9}.Release|Any CPU.ActiveCfg = Release|Any CPU
		{98F19C02-EAB1-4C6C-B578-AC1EE8CBD9A9}.Release|Any CPU.Build.0 = Release|Any CPU
		{AA93C9EC-F3C2-4263-85A1-BD0156FBB761}.Debug|Any CPU.ActiveCfg = Debug|Any CPU
		{AA93C9EC-F3C2-4263-85A1-BD0156FBB761}.Debug|Any CPU.Build.0 = Debug|Any CPU
		{AA93C9EC-F3C2-4263-85A1-BD0156FBB761}.Release|Any CPU.ActiveCfg = Release|Any CPU
		{AA93C9EC-F3C2-4263-85A1-BD0156FBB761}.Release|Any CPU.Build.0 = Release|Any CPU
		{351FB35A-F9AC-4E74-89CB-1491023573DB}.Debug|Any CPU.ActiveCfg = Debug|Any CPU
		{351FB35A-F9AC-4E74-89CB-1491023573DB}.Debug|Any CPU.Build.0 = Debug|Any CPU
		{351FB35A-F9AC-4E74-89CB-1491023573DB}.Release|Any CPU.ActiveCfg = Release|Any CPU
		{351FB35A-F9AC-4E74-89CB-1491023573DB}.Release|Any CPU.Build.0 = Release|Any CPU
		{93E024F6-4E18-433E-8C4C-0B612B5E270F}.Debug|Any CPU.ActiveCfg = Debug|Any CPU
		{93E024F6-4E18-433E-8C4C-0B612B5E270F}.Debug|Any CPU.Build.0 = Debug|Any CPU
		{93E024F6-4E18-433E-8C4C-0B612B5E270F}.Release|Any CPU.ActiveCfg = Release|Any CPU
		{93E024F6-4E18-433E-8C4C-0B612B5E270F}.Release|Any CPU.Build.0 = Release|Any CPU
		{A60A72D3-1A3F-4595-AC12-BE5633E987C9}.Debug|Any CPU.ActiveCfg = Debug|Any CPU
		{A60A72D3-1A3F-4595-AC12-BE5633E987C9}.Debug|Any CPU.Build.0 = Debug|Any CPU
		{A60A72D3-1A3F-4595-AC12-BE5633E987C9}.Release|Any CPU.ActiveCfg = Release|Any CPU
		{A60A72D3-1A3F-4595-AC12-BE5633E987C9}.Release|Any CPU.Build.0 = Release|Any CPU
		{17B365B8-B260-400C-84BF-BAE5EC37BD75}.Debug|Any CPU.ActiveCfg = Debug|Any CPU
		{17B365B8-B260-400C-84BF-BAE5EC37BD75}.Debug|Any CPU.Build.0 = Debug|Any CPU
		{17B365B8-B260-400C-84BF-BAE5EC37BD75}.Release|Any CPU.ActiveCfg = Release|Any CPU
		{17B365B8-B260-400C-84BF-BAE5EC37BD75}.Release|Any CPU.Build.0 = Release|Any CPU
		{10C85D04-CBAA-4BD4-993A-F300F85CDD67}.Debug|Any CPU.ActiveCfg = Debug|Any CPU
		{10C85D04-CBAA-4BD4-993A-F300F85CDD67}.Debug|Any CPU.Build.0 = Debug|Any CPU
		{10C85D04-CBAA-4BD4-993A-F300F85CDD67}.Release|Any CPU.ActiveCfg = Release|Any CPU
		{10C85D04-CBAA-4BD4-993A-F300F85CDD67}.Release|Any CPU.Build.0 = Release|Any CPU
		{0400D2D4-A49F-4E46-A1E6-969F22FA53F0}.Debug|Any CPU.ActiveCfg = Debug|Any CPU
		{0400D2D4-A49F-4E46-A1E6-969F22FA53F0}.Debug|Any CPU.Build.0 = Debug|Any CPU
		{0400D2D4-A49F-4E46-A1E6-969F22FA53F0}.Release|Any CPU.ActiveCfg = Release|Any CPU
		{0400D2D4-A49F-4E46-A1E6-969F22FA53F0}.Release|Any CPU.Build.0 = Release|Any CPU
		{673B4CA2-00D6-4F71-8D7D-122EE4676D1C}.Debug|Any CPU.ActiveCfg = Debug|Any CPU
		{673B4CA2-00D6-4F71-8D7D-122EE4676D1C}.Debug|Any CPU.Build.0 = Debug|Any CPU
		{673B4CA2-00D6-4F71-8D7D-122EE4676D1C}.Release|Any CPU.ActiveCfg = Release|Any CPU
		{673B4CA2-00D6-4F71-8D7D-122EE4676D1C}.Release|Any CPU.Build.0 = Release|Any CPU
		{52C40688-F4B7-4F89-8F2F-73EDDE17B76A}.Debug|Any CPU.ActiveCfg = Debug|Any CPU
		{52C40688-F4B7-4F89-8F2F-73EDDE17B76A}.Debug|Any CPU.Build.0 = Debug|Any CPU
		{52C40688-F4B7-4F89-8F2F-73EDDE17B76A}.Release|Any CPU.ActiveCfg = Release|Any CPU
		{52C40688-F4B7-4F89-8F2F-73EDDE17B76A}.Release|Any CPU.Build.0 = Release|Any CPU
		{2E078B21-B1E2-4F9B-8E40-6857B67C6A12}.Debug|Any CPU.ActiveCfg = Debug|Any CPU
		{2E078B21-B1E2-4F9B-8E40-6857B67C6A12}.Debug|Any CPU.Build.0 = Debug|Any CPU
		{2E078B21-B1E2-4F9B-8E40-6857B67C6A12}.Release|Any CPU.ActiveCfg = Release|Any CPU
		{2E078B21-B1E2-4F9B-8E40-6857B67C6A12}.Release|Any CPU.Build.0 = Release|Any CPU
		{701FD3C2-1DE5-4B33-9691-9A337E09C276}.Debug|Any CPU.ActiveCfg = Debug|Any CPU
		{701FD3C2-1DE5-4B33-9691-9A337E09C276}.Debug|Any CPU.Build.0 = Debug|Any CPU
		{701FD3C2-1DE5-4B33-9691-9A337E09C276}.Release|Any CPU.ActiveCfg = Release|Any CPU
		{701FD3C2-1DE5-4B33-9691-9A337E09C276}.Release|Any CPU.Build.0 = Release|Any CPU
		{2DFD8973-8038-4FAC-AC12-AC96ACF78596}.Debug|Any CPU.ActiveCfg = Debug|Any CPU
		{2DFD8973-8038-4FAC-AC12-AC96ACF78596}.Debug|Any CPU.Build.0 = Debug|Any CPU
		{2DFD8973-8038-4FAC-AC12-AC96ACF78596}.Release|Any CPU.ActiveCfg = Release|Any CPU
		{2DFD8973-8038-4FAC-AC12-AC96ACF78596}.Release|Any CPU.Build.0 = Release|Any CPU
		{7F56946A-281B-4866-8953-2B05EDECFD42}.Debug|Any CPU.ActiveCfg = Debug|Any CPU
		{7F56946A-281B-4866-8953-2B05EDECFD42}.Debug|Any CPU.Build.0 = Debug|Any CPU
		{7F56946A-281B-4866-8953-2B05EDECFD42}.Release|Any CPU.ActiveCfg = Release|Any CPU
		{7F56946A-281B-4866-8953-2B05EDECFD42}.Release|Any CPU.Build.0 = Release|Any CPU
		{2845A0D6-112C-4283-A414-C128CF0D348D}.Debug|Any CPU.ActiveCfg = Debug|Any CPU
		{2845A0D6-112C-4283-A414-C128CF0D348D}.Debug|Any CPU.Build.0 = Debug|Any CPU
		{2845A0D6-112C-4283-A414-C128CF0D348D}.Release|Any CPU.ActiveCfg = Release|Any CPU
		{2845A0D6-112C-4283-A414-C128CF0D348D}.Release|Any CPU.Build.0 = Release|Any CPU
	EndGlobalSection
	GlobalSection(SolutionProperties) = preSolution
		HideSolutionNode = FALSE
	EndGlobalSection
	GlobalSection(NestedProjects) = preSolution
		{633CB6B4-B703-4F45-AB67-5931F8DC47F5} = {02EA681E-C7D8-13C7-8484-4AC65E1B71E8}
		{CD1F59E2-11A6-4778-A9AC-5F48D1AF0E77} = {02EA681E-C7D8-13C7-8484-4AC65E1B71E8}
		{DDFBB707-DCF5-40EB-9DBD-B5EBB4F9A0D1} = {02EA681E-C7D8-13C7-8484-4AC65E1B71E8}
		{AACAE865-6204-41D4-8C4D-5485AA7CDD4D} = {AD36A184-E02A-4660-A1B7-4B1EBA860B7F}
		{1A54710A-A402-4B32-B192-E4FC9463D4AC} = {AD36A184-E02A-4660-A1B7-4B1EBA860B7F}
		{50C1D477-135D-4CDE-A9AC-DB4660A5F529} = {AD36A184-E02A-4660-A1B7-4B1EBA860B7F}
		{EE85BCD7-4B7E-44D3-B7A4-8D0198B0BCD0} = {4000B5CE-AB72-4457-BC5D-2944965947BB}
		{F251410E-91E5-4FB5-B81D-2BF32639AD77} = {4000B5CE-AB72-4457-BC5D-2944965947BB}
		{D5D9E6BD-AB1C-4FFF-82FE-D204E8A516CA} = {4000B5CE-AB72-4457-BC5D-2944965947BB}
		{98F19C02-EAB1-4C6C-B578-AC1EE8CBD9A9} = {8468692C-C3BF-4F5E-95F5-B7779F8F1A45}
		{AA93C9EC-F3C2-4263-85A1-BD0156FBB761} = {8468692C-C3BF-4F5E-95F5-B7779F8F1A45}
		{351FB35A-F9AC-4E74-89CB-1491023573DB} = {8468692C-C3BF-4F5E-95F5-B7779F8F1A45}
		{93E024F6-4E18-433E-8C4C-0B612B5E270F} = {C260C253-336D-481A-9F2C-7CEB951C8461}
		{A60A72D3-1A3F-4595-AC12-BE5633E987C9} = {C260C253-336D-481A-9F2C-7CEB951C8461}
		{17B365B8-B260-400C-84BF-BAE5EC37BD75} = {C260C253-336D-481A-9F2C-7CEB951C8461}
		{10C85D04-CBAA-4BD4-993A-F300F85CDD67} = {E5203030-3D43-4C1C-AA9A-22F3BFC147C2}
		{0400D2D4-A49F-4E46-A1E6-969F22FA53F0} = {E5203030-3D43-4C1C-AA9A-22F3BFC147C2}
		{673B4CA2-00D6-4F71-8D7D-122EE4676D1C} = {E5203030-3D43-4C1C-AA9A-22F3BFC147C2}
		{52C40688-F4B7-4F89-8F2F-73EDDE17B76A} = {9C497E00-5994-4D4D-9E69-3E2A914DA03B}
		{2E078B21-B1E2-4F9B-8E40-6857B67C6A12} = {9C497E00-5994-4D4D-9E69-3E2A914DA03B}
		{701FD3C2-1DE5-4B33-9691-9A337E09C276} = {9C497E00-5994-4D4D-9E69-3E2A914DA03B}
		{2DFD8973-8038-4FAC-AC12-AC96ACF78596} = {B3191AF2-BCB2-4375-83C8-8DECD84BA44A}
		{7F56946A-281B-4866-8953-2B05EDECFD42} = {B3191AF2-BCB2-4375-83C8-8DECD84BA44A}
		{2845A0D6-112C-4283-A414-C128CF0D348D} = {B3191AF2-BCB2-4375-83C8-8DECD84BA44A}
	EndGlobalSection
	GlobalSection(ExtensibilityGlobals) = postSolution
		SolutionGuid = {10CBE584-1FF9-4CC2-B10C-C6A8D981C738}
	EndGlobalSection
EndGlobal
